
Microsoft Visual Studio Solution File, Format Version 12.00
# Visual Studio 2013
VisualStudioVersion = 12.0.31101.0
MinimumVisualStudioVersion = 10.0.40219.1
Project("{FAE04EC0-301F-11D3-BF4B-00C04F79EFBC}") = "AudioBookMH", "AudioBookMH\AudioBookMH.csproj", "{1018FC32-244A-44F6-80CE-E95FC4174619}"
EndProject
Project("{FAE04EC0-301F-11D3-BF4B-00C04F79EFBC}") = "PlayList", "PlayList\PlayList.csproj", "{64C03B90-99CD-403F-94A2-E22312B3832D}"
EndProject
Project("{54435603-DBB4-11D2-8724-00A0C9A8B90C}") = "AudioBookMH_Setup", "AudioBookMH_Setup\AudioBookMH_Setup.vdproj", "{D0BC087A-58DC-492D-B601-0620B317F0DE}"
EndProject
Project("{FAE04EC0-301F-11D3-BF4B-00C04F79EFBC}") = "OnlineUpdate", "OnlineUpdate\OnlineUpdate.csproj", "{4D6B880E-FFF2-4ABC-A9F2-3FFF18133C33}"
EndProject
Global
	GlobalSection(SolutionConfigurationPlatforms) = preSolution
		Debug|Any CPU = Debug|Any CPU
		Release|Any CPU = Release|Any CPU
	EndGlobalSection
	GlobalSection(ProjectConfigurationPlatforms) = postSolution
		{1018FC32-244A-44F6-80CE-E95FC4174619}.Debug|Any CPU.ActiveCfg = Debug|Any CPU
		{1018FC32-244A-44F6-80CE-E95FC4174619}.Debug|Any CPU.Build.0 = Debug|Any CPU
		{1018FC32-244A-44F6-80CE-E95FC4174619}.Release|Any CPU.ActiveCfg = Release|Any CPU
		{1018FC32-244A-44F6-80CE-E95FC4174619}.Release|Any CPU.Build.0 = Release|Any CPU
		{64C03B90-99CD-403F-94A2-E22312B3832D}.Debug|Any CPU.ActiveCfg = Debug|Any CPU
		{64C03B90-99CD-403F-94A2-E22312B3832D}.Debug|Any CPU.Build.0 = Debug|Any CPU
		{64C03B90-99CD-403F-94A2-E22312B3832D}.Release|Any CPU.ActiveCfg = Release|Any CPU
		{64C03B90-99CD-403F-94A2-E22312B3832D}.Release|Any CPU.Build.0 = Release|Any CPU
		{D0BC087A-58DC-492D-B601-0620B317F0DE}.Debug|Any CPU.ActiveCfg = Debug
		{D0BC087A-58DC-492D-B601-0620B317F0DE}.Release|Any CPU.ActiveCfg = Release
		{4D6B880E-FFF2-4ABC-A9F2-3FFF18133C33}.Debug|Any CPU.ActiveCfg = Debug|Any CPU
		{4D6B880E-FFF2-4ABC-A9F2-3FFF18133C33}.Debug|Any CPU.Build.0 = Debug|Any CPU
		{4D6B880E-FFF2-4ABC-A9F2-3FFF18133C33}.Release|Any CPU.ActiveCfg = Release|Any CPU
		{4D6B880E-FFF2-4ABC-A9F2-3FFF18133C33}.Release|Any CPU.Build.0 = Release|Any CPU
	EndGlobalSection
	GlobalSection(SolutionProperties) = preSolution
		HideSolutionNode = FALSE
	EndGlobalSection
EndGlobal
